
Microsoft Visual Studio Solution File, Format Version 12.00
# Visual Studio Version 16
VisualStudioVersion = 16.0.31005.135
MinimumVisualStudioVersion = 10.0.40219.1
Project("{FAE04EC0-301F-11D3-BF4B-00C04F79EFBC}") = "ByteBank", "ByteBank\ByteBank.csproj", "{06D75215-6A19-4E90-9943-2B2A78C02D87}"
EndProject
Global
	GlobalSection(SolutionConfigurationPlatforms) = preSolution
		Debug|Any CPU = Debug|Any CPU
		Release|Any CPU = Release|Any CPU
	EndGlobalSection
	GlobalSection(ProjectConfigurationPlatforms) = postSolution
		{06D75215-6A19-4E90-9943-2B2A78C02D87}.Debug|Any CPU.ActiveCfg = Debug|Any CPU
		{06D75215-6A19-4E90-9943-2B2A78C02D87}.Debug|Any CPU.Build.0 = Debug|Any CPU
		{06D75215-6A19-4E90-9943-2B2A78C02D87}.Release|Any CPU.ActiveCfg = Release|Any CPU
		{06D75215-6A19-4E90-9943-2B2A78C02D87}.Release|Any CPU.Build.0 = Release|Any CPU
	EndGlobalSection
	GlobalSection(SolutionProperties) = preSolution
		HideSolutionNode = FALSE
	EndGlobalSection
	GlobalSection(ExtensibilityGlobals) = postSolution
		SolutionGuid = {089F16DF-640B-4DB7-B3A3-EF3584E32D84}
	EndGlobalSection
EndGlobal
